// !$*UTF8*$!
{
	archiveVersion = 1;
	classes = {
	};
	objectVersion = 56;
	objects = {

/* Begin PBXBuildFile section */
		522CBD5E291A07DE001FAA37 /* MoneyCalcProjectApp.swift in Sources */ = {isa = PBXBuildFile; fileRef = 522CBD5D291A07DE001FAA37 /* MoneyCalcProjectApp.swift */; };
		522CBD60291A07DE001FAA37 /* ContentView.swift in Sources */ = {isa = PBXBuildFile; fileRef = 522CBD5F291A07DE001FAA37 /* ContentView.swift */; };
		522CBD62291A07DF001FAA37 /* Assets.xcassets in Resources */ = {isa = PBXBuildFile; fileRef = 522CBD61291A07DF001FAA37 /* Assets.xcassets */; };
		522CBD65291A07DF001FAA37 /* Preview Assets.xcassets in Resources */ = {isa = PBXBuildFile; fileRef = 522CBD64291A07DF001FAA37 /* Preview Assets.xcassets */; };
		522CBD70291A08A1001FAA37 /* CostStore.swift in Sources */ = {isa = PBXBuildFile; fileRef = 522CBD6F291A08A1001FAA37 /* CostStore.swift */; };
		522CBD72291A08FC001FAA37 /* Cost.swift in Sources */ = {isa = PBXBuildFile; fileRef = 522CBD71291A08FC001FAA37 /* Cost.swift */; };
		522CBD74291A0986001FAA37 /* CostData.swift in Sources */ = {isa = PBXBuildFile; fileRef = 522CBD73291A0986001FAA37 /* CostData.swift */; };
		522CBD77291A0A78001FAA37 /* MainView.swift in Sources */ = {isa = PBXBuildFile; fileRef = 522CBD76291A0A78001FAA37 /* MainView.swift */; };
		522CBD79291A0AA2001FAA37 /* CostListView.swift in Sources */ = {isa = PBXBuildFile; fileRef = 522CBD78291A0AA2001FAA37 /* CostListView.swift */; };
		522CBD7B291A0B2D001FAA37 /* CostResultView.swift in Sources */ = {isa = PBXBuildFile; fileRef = 522CBD7A291A0B2D001FAA37 /* CostResultView.swift */; };
		522CBD7D291A0B47001FAA37 /* CostDivideView.swift in Sources */ = {isa = PBXBuildFile; fileRef = 522CBD7C291A0B47001FAA37 /* CostDivideView.swift */; };
		522CBD81291A0B88001FAA37 /* MainModalView.swift in Sources */ = {isa = PBXBuildFile; fileRef = 522CBD80291A0B88001FAA37 /* MainModalView.swift */; };
		522CBD83291A0B9B001FAA37 /* CostListModalView.swift in Sources */ = {isa = PBXBuildFile; fileRef = 522CBD82291A0B9B001FAA37 /* CostListModalView.swift */; };
		522CBD89291A3921001FAA37 /* SelectedData.swift in Sources */ = {isa = PBXBuildFile; fileRef = 522CBD88291A3921001FAA37 /* SelectedData.swift */; };
		6AE8EEBA291CBF5F0053B222 /* costData.json in Resources */ = {isa = PBXBuildFile; fileRef = 6AE8EEB9291CBF5F0053B222 /* costData.json */; };
/* End PBXBuildFile section */

/* Begin PBXFileReference section */
		522CBD5A291A07DE001FAA37 /* MoneyCalcProject.app */ = {isa = PBXFileReference; explicitFileType = wrapper.application; includeInIndex = 0; path = MoneyCalcProject.app; sourceTree = BUILT_PRODUCTS_DIR; };
		522CBD5D291A07DE001FAA37 /* MoneyCalcProjectApp.swift */ = {isa = PBXFileReference; lastKnownFileType = sourcecode.swift; path = MoneyCalcProjectApp.swift; sourceTree = "<group>"; };
		522CBD5F291A07DE001FAA37 /* ContentView.swift */ = {isa = PBXFileReference; lastKnownFileType = sourcecode.swift; path = ContentView.swift; sourceTree = "<group>"; };
		522CBD61291A07DF001FAA37 /* Assets.xcassets */ = {isa = PBXFileReference; lastKnownFileType = folder.assetcatalog; path = Assets.xcassets; sourceTree = "<group>"; };
		522CBD64291A07DF001FAA37 /* Preview Assets.xcassets */ = {isa = PBXFileReference; lastKnownFileType = folder.assetcatalog; path = "Preview Assets.xcassets"; sourceTree = "<group>"; };
		522CBD6F291A08A1001FAA37 /* CostStore.swift */ = {isa = PBXFileReference; lastKnownFileType = sourcecode.swift; path = CostStore.swift; sourceTree = "<group>"; };
		522CBD71291A08FC001FAA37 /* Cost.swift */ = {isa = PBXFileReference; lastKnownFileType = sourcecode.swift; path = Cost.swift; sourceTree = "<group>"; };
		522CBD73291A0986001FAA37 /* CostData.swift */ = {isa = PBXFileReference; lastKnownFileType = sourcecode.swift; path = CostData.swift; sourceTree = "<group>"; };
		522CBD76291A0A78001FAA37 /* MainView.swift */ = {isa = PBXFileReference; lastKnownFileType = sourcecode.swift; path = MainView.swift; sourceTree = "<group>"; };
		522CBD78291A0AA2001FAA37 /* CostListView.swift */ = {isa = PBXFileReference; lastKnownFileType = sourcecode.swift; path = CostListView.swift; sourceTree = "<group>"; };
		522CBD7A291A0B2D001FAA37 /* CostResultView.swift */ = {isa = PBXFileReference; lastKnownFileType = sourcecode.swift; path = CostResultView.swift; sourceTree = "<group>"; };
		522CBD7C291A0B47001FAA37 /* CostDivideView.swift */ = {isa = PBXFileReference; lastKnownFileType = sourcecode.swift; path = CostDivideView.swift; sourceTree = "<group>"; };
		522CBD80291A0B88001FAA37 /* MainModalView.swift */ = {isa = PBXFileReference; lastKnownFileType = sourcecode.swift; path = MainModalView.swift; sourceTree = "<group>"; };
		522CBD82291A0B9B001FAA37 /* CostListModalView.swift */ = {isa = PBXFileReference; lastKnownFileType = sourcecode.swift; path = CostListModalView.swift; sourceTree = "<group>"; };
		522CBD88291A3921001FAA37 /* SelectedData.swift */ = {isa = PBXFileReference; lastKnownFileType = sourcecode.swift; path = SelectedData.swift; sourceTree = "<group>"; };
		6AE8EEB9291CBF5F0053B222 /* costData.json */ = {isa = PBXFileReference; fileEncoding = 4; lastKnownFileType = text.json; path = costData.json; sourceTree = "<group>"; };
/* End PBXFileReference section */

/* Begin PBXFrameworksBuildPhase section */
		522CBD57291A07DE001FAA37 /* Frameworks */ = {
			isa = PBXFrameworksBuildPhase;
			buildActionMask = 2147483647;
			files = (
			);
			runOnlyForDeploymentPostprocessing = 0;
		};
/* End PBXFrameworksBuildPhase section */

/* Begin PBXGroup section */
		522CBD51291A07DE001FAA37 = {
			isa = PBXGroup;
			children = (
				522CBD5C291A07DE001FAA37 /* MoneyCalcProject */,
				522CBD5B291A07DE001FAA37 /* Products */,
			);
			sourceTree = "<group>";
		};
		522CBD5B291A07DE001FAA37 /* Products */ = {
			isa = PBXGroup;
			children = (
				522CBD5A291A07DE001FAA37 /* MoneyCalcProject.app */,
			);
			name = Products;
			sourceTree = "<group>";
		};
		522CBD5C291A07DE001FAA37 /* MoneyCalcProject */ = {
			isa = PBXGroup;
			children = (
				522CBD5D291A07DE001FAA37 /* MoneyCalcProjectApp.swift */,
				522CBD5F291A07DE001FAA37 /* ContentView.swift */,
				522CBD76291A0A78001FAA37 /* MainView.swift */,
				522CBD80291A0B88001FAA37 /* MainModalView.swift */,
				522CBD78291A0AA2001FAA37 /* CostListView.swift */,
				522CBD82291A0B9B001FAA37 /* CostListModalView.swift */,
				522CBD7A291A0B2D001FAA37 /* CostResultView.swift */,
				522CBD7C291A0B47001FAA37 /* CostDivideView.swift */,
				522CBD75291A09BF001FAA37 /* DataFile */,
				522CBD61291A07DF001FAA37 /* Assets.xcassets */,
				522CBD63291A07DF001FAA37 /* Preview Content */,
			);
			path = MoneyCalcProject;
			sourceTree = "<group>";
		};
		522CBD63291A07DF001FAA37 /* Preview Content */ = {
			isa = PBXGroup;
			children = (
				522CBD64291A07DF001FAA37 /* Preview Assets.xcassets */,
			);
			path = "Preview Content";
			sourceTree = "<group>";
		};
		522CBD75291A09BF001FAA37 /* DataFile */ = {
			isa = PBXGroup;
			children = (
				522CBD88291A3921001FAA37 /* SelectedData.swift */,
				522CBD6F291A08A1001FAA37 /* CostStore.swift */,
				522CBD73291A0986001FAA37 /* CostData.swift */,
				522CBD71291A08FC001FAA37 /* Cost.swift */,
				6AE8EEB9291CBF5F0053B222 /* costData.json */,
			);
			path = DataFile;
			sourceTree = "<group>";
		};
/* End PBXGroup section */

/* Begin PBXNativeTarget section */
		522CBD59291A07DE001FAA37 /* MoneyCalcProject */ = {
			isa = PBXNativeTarget;
			buildConfigurationList = 522CBD68291A07DF001FAA37 /* Build configuration list for PBXNativeTarget "MoneyCalcProject" */;
			buildPhases = (
				522CBD56291A07DE001FAA37 /* Sources */,
				522CBD57291A07DE001FAA37 /* Frameworks */,
				522CBD58291A07DE001FAA37 /* Resources */,
			);
			buildRules = (
			);
			dependencies = (
			);
			name = MoneyCalcProject;
			productName = MoneyCalcProject;
			productReference = 522CBD5A291A07DE001FAA37 /* MoneyCalcProject.app */;
			productType = "com.apple.product-type.application";
		};
/* End PBXNativeTarget section */

/* Begin PBXProject section */
		522CBD52291A07DE001FAA37 /* Project object */ = {
			isa = PBXProject;
			attributes = {
				BuildIndependentTargetsInParallel = 1;
				LastSwiftUpdateCheck = 1410;
				LastUpgradeCheck = 1410;
				TargetAttributes = {
					522CBD59291A07DE001FAA37 = {
						CreatedOnToolsVersion = 14.1;
					};
				};
			};
			buildConfigurationList = 522CBD55291A07DE001FAA37 /* Build configuration list for PBXProject "MoneyCalcProject" */;
			compatibilityVersion = "Xcode 14.0";
			developmentRegion = en;
			hasScannedForEncodings = 0;
			knownRegions = (
				en,
				Base,
			);
			mainGroup = 522CBD51291A07DE001FAA37;
			productRefGroup = 522CBD5B291A07DE001FAA37 /* Products */;
			projectDirPath = "";
			projectRoot = "";
			targets = (
				522CBD59291A07DE001FAA37 /* MoneyCalcProject */,
			);
		};
/* End PBXProject section */

/* Begin PBXResourcesBuildPhase section */
		522CBD58291A07DE001FAA37 /* Resources */ = {
			isa = PBXResourcesBuildPhase;
			buildActionMask = 2147483647;
			files = (
				6AE8EEBA291CBF5F0053B222 /* costData.json in Resources */,
				522CBD65291A07DF001FAA37 /* Preview Assets.xcassets in Resources */,
				522CBD62291A07DF001FAA37 /* Assets.xcassets in Resources */,
			);
			runOnlyForDeploymentPostprocessing = 0;
		};
/* End PBXResourcesBuildPhase section */

/* Begin PBXSourcesBuildPhase section */
		522CBD56291A07DE001FAA37 /* Sources */ = {
			isa = PBXSourcesBuildPhase;
			buildActionMask = 2147483647;
			files = (
				522CBD79291A0AA2001FAA37 /* CostListView.swift in Sources */,
				522CBD60291A07DE001FAA37 /* ContentView.swift in Sources */,
				522CBD7D291A0B47001FAA37 /* CostDivideView.swift in Sources */,
				522CBD7B291A0B2D001FAA37 /* CostResultView.swift in Sources */,
				522CBD89291A3921001FAA37 /* SelectedData.swift in Sources */,
				522CBD77291A0A78001FAA37 /* MainView.swift in Sources */,
				522CBD83291A0B9B001FAA37 /* CostListModalView.swift in Sources */,
				522CBD5E291A07DE001FAA37 /* MoneyCalcProjectApp.swift in Sources */,
				522CBD72291A08FC001FAA37 /* Cost.swift in Sources */,
				522CBD70291A08A1001FAA37 /* CostStore.swift in Sources */,
				522CBD74291A0986001FAA37 /* CostData.swift in Sources */,
				522CBD81291A0B88001FAA37 /* MainModalView.swift in Sources */,
			);
			runOnlyForDeploymentPostprocessing = 0;
		};
/* End PBXSourcesBuildPhase section */

/* Begin XCBuildConfiguration section */
		522CBD66291A07DF001FAA37 /* Debug */ = {
			isa = XCBuildConfiguration;
			buildSettings = {
				ALWAYS_SEARCH_USER_PATHS = NO;
				CLANG_ANALYZER_NONNULL = YES;
				CLANG_ANALYZER_NUMBER_OBJECT_CONVERSION = YES_AGGRESSIVE;
				CLANG_CXX_LANGUAGE_STANDARD = "gnu++20";
				CLANG_ENABLE_MODULES = YES;
				CLANG_ENABLE_OBJC_ARC = YES;
				CLANG_ENABLE_OBJC_WEAK = YES;
				CLANG_WARN_BLOCK_CAPTURE_AUTORELEASING = YES;
				CLANG_WARN_BOOL_CONVERSION = YES;
				CLANG_WARN_COMMA = YES;
				CLANG_WARN_CONSTANT_CONVERSION = YES;
				CLANG_WARN_DEPRECATED_OBJC_IMPLEMENTATIONS = YES;
				CLANG_WARN_DIRECT_OBJC_ISA_USAGE = YES_ERROR;
				CLANG_WARN_DOCUMENTATION_COMMENTS = YES;
				CLANG_WARN_EMPTY_BODY = YES;
				CLANG_WARN_ENUM_CONVERSION = YES;
				CLANG_WARN_INFINITE_RECURSION = YES;
				CLANG_WARN_INT_CONVERSION = YES;
				CLANG_WARN_NON_LITERAL_NULL_CONVERSION = YES;
				CLANG_WARN_OBJC_IMPLICIT_RETAIN_SELF = YES;
				CLANG_WARN_OBJC_LITERAL_CONVERSION = YES;
				CLANG_WARN_OBJC_ROOT_CLASS = YES_ERROR;
				CLANG_WARN_QUOTED_INCLUDE_IN_FRAMEWORK_HEADER = YES;
				CLANG_WARN_RANGE_LOOP_ANALYSIS = YES;
				CLANG_WARN_STRICT_PROTOTYPES = YES;
				CLANG_WARN_SUSPICIOUS_MOVE = YES;
				CLANG_WARN_UNGUARDED_AVAILABILITY = YES_AGGRESSIVE;
				CLANG_WARN_UNREACHABLE_CODE = YES;
				CLANG_WARN__DUPLICATE_METHOD_MATCH = YES;
				COPY_PHASE_STRIP = NO;
				DEBUG_INFORMATION_FORMAT = dwarf;
				ENABLE_STRICT_OBJC_MSGSEND = YES;
				ENABLE_TESTABILITY = YES;
				GCC_C_LANGUAGE_STANDARD = gnu11;
				GCC_DYNAMIC_NO_PIC = NO;
				GCC_NO_COMMON_BLOCKS = YES;
				GCC_OPTIMIZATION_LEVEL = 0;
				GCC_PREPROCESSOR_DEFINITIONS = (
					"DEBUG=1",
					"$(inherited)",
				);
				GCC_WARN_64_TO_32_BIT_CONVERSION = YES;
				GCC_WARN_ABOUT_RETURN_TYPE = YES_ERROR;
				GCC_WARN_UNDECLARED_SELECTOR = YES;
				GCC_WARN_UNINITIALIZED_AUTOS = YES_AGGRESSIVE;
				GCC_WARN_UNUSED_FUNCTION = YES;
				GCC_WARN_UNUSED_VARIABLE = YES;
				IPHONEOS_DEPLOYMENT_TARGET = 16.1;
				MTL_ENABLE_DEBUG_INFO = INCLUDE_SOURCE;
				MTL_FAST_MATH = YES;
				ONLY_ACTIVE_ARCH = YES;
				SDKROOT = iphoneos;
				SWIFT_ACTIVE_COMPILATION_CONDITIONS = DEBUG;
				SWIFT_OPTIMIZATION_LEVEL = "-Onone";
			};
			name = Debug;
		};
		522CBD67291A07DF001FAA37 /* Release */ = {
			isa = XCBuildConfiguration;
			buildSettings = {
				ALWAYS_SEARCH_USER_PATHS = NO;
				CLANG_ANALYZER_NONNULL = YES;
				CLANG_ANALYZER_NUMBER_OBJECT_CONVERSION = YES_AGGRESSIVE;
				CLANG_CXX_LANGUAGE_STANDARD = "gnu++20";
				CLANG_ENABLE_MODULES = YES;
				CLANG_ENABLE_OBJC_ARC = YES;
				CLANG_ENABLE_OBJC_WEAK = YES;
				CLANG_WARN_BLOCK_CAPTURE_AUTORELEASING = YES;
				CLANG_WARN_BOOL_CONVERSION = YES;
				CLANG_WARN_COMMA = YES;
				CLANG_WARN_CONSTANT_CONVERSION = YES;
				CLANG_WARN_DEPRECATED_OBJC_IMPLEMENTATIONS = YES;
				CLANG_WARN_DIRECT_OBJC_ISA_USAGE = YES_ERROR;
				CLANG_WARN_DOCUMENTATION_COMMENTS = YES;
				CLANG_WARN_EMPTY_BODY = YES;
				CLANG_WARN_ENUM_CONVERSION = YES;
				CLANG_WARN_INFINITE_RECURSION = YES;
				CLANG_WARN_INT_CONVERSION = YES;
				CLANG_WARN_NON_LITERAL_NULL_CONVERSION = YES;
				CLANG_WARN_OBJC_IMPLICIT_RETAIN_SELF = YES;
				CLANG_WARN_OBJC_LITERAL_CONVERSION = YES;
				CLANG_WARN_OBJC_ROOT_CLASS = YES_ERROR;
				CLANG_WARN_QUOTED_INCLUDE_IN_FRAMEWORK_HEADER = YES;
				CLANG_WARN_RANGE_LOOP_ANALYSIS = YES;
				CLANG_WARN_STRICT_PROTOTYPES = YES;
				CLANG_WARN_SUSPICIOUS_MOVE = YES;
				CLANG_WARN_UNGUARDED_AVAILABILITY = YES_AGGRESSIVE;
				CLANG_WARN_UNREACHABLE_CODE = YES;
				CLANG_WARN__DUPLICATE_METHOD_MATCH = YES;
				COPY_PHASE_STRIP = NO;
				DEBUG_INFORMATION_FORMAT = "dwarf-with-dsym";
				ENABLE_NS_ASSERTIONS = NO;
				ENABLE_STRICT_OBJC_MSGSEND = YES;
				GCC_C_LANGUAGE_STANDARD = gnu11;
				GCC_NO_COMMON_BLOCKS = YES;
				GCC_WARN_64_TO_32_BIT_CONVERSION = YES;
				GCC_WARN_ABOUT_RETURN_TYPE = YES_ERROR;
				GCC_WARN_UNDECLARED_SELECTOR = YES;
				GCC_WARN_UNINITIALIZED_AUTOS = YES_AGGRESSIVE;
				GCC_WARN_UNUSED_FUNCTION = YES;
				GCC_WARN_UNUSED_VARIABLE = YES;
				IPHONEOS_DEPLOYMENT_TARGET = 16.1;
				MTL_ENABLE_DEBUG_INFO = NO;
				MTL_FAST_MATH = YES;
				SDKROOT = iphoneos;
				SWIFT_COMPILATION_MODE = wholemodule;
				SWIFT_OPTIMIZATION_LEVEL = "-O";
				VALIDATE_PRODUCT = YES;
			};
			name = Release;
		};
		522CBD69291A07DF001FAA37 /* Debug */ = {
			isa = XCBuildConfiguration;
			buildSettings = {
				ASSETCATALOG_COMPILER_APPICON_NAME = AppIcon;
				ASSETCATALOG_COMPILER_GLOBAL_ACCENT_COLOR_NAME = AccentColor;
				CODE_SIGN_STYLE = Automatic;
				CURRENT_PROJECT_VERSION = 1;
				DEVELOPMENT_ASSET_PATHS = "\"MoneyCalcProject/Preview Content\"";
				ENABLE_PREVIEWS = YES;
				GENERATE_INFOPLIST_FILE = YES;
				INFOPLIST_KEY_UIApplicationSceneManifest_Generation = YES;
				INFOPLIST_KEY_UIApplicationSupportsIndirectInputEvents = YES;
				INFOPLIST_KEY_UILaunchScreen_Generation = YES;
				INFOPLIST_KEY_UISupportedInterfaceOrientations_iPad = "UIInterfaceOrientationPortrait UIInterfaceOrientationPortraitUpsideDown UIInterfaceOrientationLandscapeLeft UIInterfaceOrientationLandscapeRight";
				INFOPLIST_KEY_UISupportedInterfaceOrientations_iPhone = "UIInterfaceOrientationPortrait UIInterfaceOrientationLandscapeLeft UIInterfaceOrientationLandscapeRight";
				IPHONEOS_DEPLOYMENT_TARGET = 16.0;
				LD_RUNPATH_SEARCH_PATHS = (
					"$(inherited)",
					"@executable_path/Frameworks",
				);
				MARKETING_VERSION = 1.0;
				PRODUCT_BUNDLE_IDENTIFIER = com.codelion.MoneyCalcProject;
				PRODUCT_NAME = "$(TARGET_NAME)";
				SWIFT_EMIT_LOC_STRINGS = YES;
				SWIFT_VERSION = 5.0;
				TARGETED_DEVICE_FAMILY = "1,2";
			};
			name = Debug;
		};
		522CBD6A291A07DF001FAA37 /* Release */ = {
			isa = XCBuildConfiguration;
			buildSettings = {
				ASSETCATALOG_COMPILER_APPICON_NAME = AppIcon;
				ASSETCATALOG_COMPILER_GLOBAL_ACCENT_COLOR_NAME = AccentColor;
				CODE_SIGN_STYLE = Automatic;
				CURRENT_PROJECT_VERSION = 1;
				DEVELOPMENT_ASSET_PATHS = "\"MoneyCalcProject/Preview Content\"";
				ENABLE_PREVIEWS = YES;
				GENERATE_INFOPLIST_FILE = YES;
				INFOPLIST_KEY_UIApplicationSceneManifest_Generation = YES;
				INFOPLIST_KEY_UIApplicationSupportsIndirectInputEvents = YES;
				INFOPLIST_KEY_UILaunchScreen_Generation = YES;
				INFOPLIST_KEY_UISupportedInterfaceOrientations_iPad = "UIInterfaceOrientationPortrait UIInterfaceOrientationPortraitUpsideDown UIInterfaceOrientationLandscapeLeft UIInterfaceOrientationLandscapeRight";
				INFOPLIST_KEY_UISupportedInterfaceOrientations_iPhone = "UIInterfaceOrientationPortrait UIInterfaceOrientationLandscapeLeft UIInterfaceOrientationLandscapeRight";
				IPHONEOS_DEPLOYMENT_TARGET = 16.0;
				LD_RUNPATH_SEARCH_PATHS = (
					"$(inherited)",
					"@executable_path/Frameworks",
				);
				MARKETING_VERSION = 1.0;
				PRODUCT_BUNDLE_IDENTIFIER = com.codelion.MoneyCalcProject;
				PRODUCT_NAME = "$(TARGET_NAME)";
				SWIFT_EMIT_LOC_STRINGS = YES;
				SWIFT_VERSION = 5.0;
				TARGETED_DEVICE_FAMILY = "1,2";
			};
			name = Release;
		};
/* End XCBuildConfiguration section */

/* Begin XCConfigurationList section */
		522CBD55291A07DE001FAA37 /* Build configuration list for PBXProject "MoneyCalcProject" */ = {
			isa = XCConfigurationList;
			buildConfigurations = (
				522CBD66291A07DF001FAA37 /* Debug */,
				522CBD67291A07DF001FAA37 /* Release */,
			);
			defaultConfigurationIsVisible = 0;
			defaultConfigurationName = Release;
		};
		522CBD68291A07DF001FAA37 /* Build configuration list for PBXNativeTarget "MoneyCalcProject" */ = {
			isa = XCConfigurationList;
			buildConfigurations = (
				522CBD69291A07DF001FAA37 /* Debug */,
				522CBD6A291A07DF001FAA37 /* Release */,
			);
			defaultConfigurationIsVisible = 0;
			defaultConfigurationName = Release;
		};
/* End XCConfigurationList section */
	};
	rootObject = 522CBD52291A07DE001FAA37 /* Project object */;
}
